# This file is automatically @generated by Cargo.
# It is not intended for manual editing.
version = 3

[[package]]
name = "autocfg"
version = "1.4.0"
source = "registry+https://github.com/rust-lang/crates.io-index"
checksum = "ace50bade8e6234aa140d9a2f552bbee1db4d353f69b8217bc503490fc1a9f26"

[[package]]
name = "etagere"
version = "0.2.13"
source = "registry+https://github.com/rust-lang/crates.io-index"
checksum = "0e2f1e3be19fb10f549be8c1bf013e8675b4066c445e36eb76d2ebb2f54ee495"
dependencies = [
 "euclid",
 "svg_fmt",
]

[[package]]
name = "etagere-crash"
version = "0.1.0"
dependencies = [
 "etagere",
]

[[package]]
name = "euclid"
version = "0.22.11"
source = "registry+https://github.com/rust-lang/crates.io-index"
checksum = "ad9cdb4b747e485a12abb0e6566612956c7a1bafa3bdb8d682c5b6d403589e48"
dependencies = [
 "num-traits",
]

[[package]]
name = "num-traits"
version = "0.2.19"
source = "registry+https://github.com/rust-lang/crates.io-index"
checksum = "071dfc062690e90b734c0b2273ce72ad0ffa95f0c74596bc250dcfd960262841"
dependencies = [
 "autocfg",
]

[[package]]
name = "svg_fmt"
version = "0.4.4"
source = "registry+https://github.com/rust-lang/crates.io-index"
checksum = "ce5d813d71d82c4cbc1742135004e4a79fd870214c155443451c139c9470a0aa"
